
Microsoft Visual Studio Solution File, Format Version 12.00
# Visual Studio Version 17
VisualStudioVersion = 17.0.31903.59
MinimumVisualStudioVersion = 10.0.40219.1
Project("{2150E333-8FDC-42A3-9474-1A3956D46DE8}") = "Services", "Services", "{BF665B53-8C51-4E09-AAB8-C48D2A5B3CC9}"
EndProject
Project("{FAE04EC0-301F-11D3-BF4B-00C04F79EFBC}") = "Mango.Services.CouponAPI", "Services\Mango.Services.CouponAPI\Mango.Services.CouponAPI.csproj", "{F201EB5D-F9ED-4A7F-8400-B47B3396BDF4}"
EndProject
Global
	GlobalSection(SolutionConfigurationPlatforms) = preSolution
		Debug|Any CPU = Debug|Any CPU
		Release|Any CPU = Release|Any CPU
	EndGlobalSection
	GlobalSection(ProjectConfigurationPlatforms) = postSolution
		{F201EB5D-F9ED-4A7F-8400-B47B3396BDF4}.Debug|Any CPU.ActiveCfg = Debug|Any CPU
		{F201EB5D-F9ED-4A7F-8400-B47B3396BDF4}.Debug|Any CPU.Build.0 = Debug|Any CPU
		{F201EB5D-F9ED-4A7F-8400-B47B3396BDF4}.Release|Any CPU.ActiveCfg = Release|Any CPU
		{F201EB5D-F9ED-4A7F-8400-B47B3396BDF4}.Release|Any CPU.Build.0 = Release|Any CPU
	EndGlobalSection
	GlobalSection(SolutionProperties) = preSolution
		HideSolutionNode = FALSE
	EndGlobalSection
	GlobalSection(NestedProjects) = preSolution
		{F201EB5D-F9ED-4A7F-8400-B47B3396BDF4} = {BF665B53-8C51-4E09-AAB8-C48D2A5B3CC9}
	EndGlobalSection
EndGlobal
